
Microsoft Visual Studio Solution File, Format Version 12.00
# Visual Studio 15
VisualStudioVersion = 15.0.26730.12
MinimumVisualStudioVersion = 10.0.40219.1
Project("{FAE04EC0-301F-11D3-BF4B-00C04F79EFBC}") = "XamarinMVVM.Android", "XamarinMVVM\XamarinMVVM.Android\XamarinMVVM.Android.csproj", "{501D4E83-BBCD-4333-AD2D-E1E5AFEF4F21}"
EndProject
Project("{FAE04EC0-301F-11D3-BF4B-00C04F79EFBC}") = "XamarinMVVM", "XamarinMVVM\XamarinMVVM\XamarinMVVM.csproj", "{484A0DF8-400D-42B8-835A-168876A4FD7F}"
EndProject
Project("{FAE04EC0-301F-11D3-BF4B-00C04F79EFBC}") = "XamarinMVVM.UWP", "XamarinMVVM\XamarinMVVM.UWP\XamarinMVVM.UWP.csproj", "{12AAC91E-EE1F-460D-99C1-5BFF24553C82}"
EndProject
Project("{FAE04EC0-301F-11D3-BF4B-00C04F79EFBC}") = "XamarinMVVM.iOS", "XamarinMVVM\XamarinMVVM.iOS\XamarinMVVM.iOS.csproj", "{960E1BA9-F930-457E-8000-069D3B759AB5}"
EndProject
Global
	GlobalSection(SolutionConfigurationPlatforms) = preSolution
		Ad-Hoc|Any CPU = Ad-Hoc|Any CPU
		Ad-Hoc|ARM = Ad-Hoc|ARM
		Ad-Hoc|iPhone = Ad-Hoc|iPhone
		Ad-Hoc|iPhoneSimulator = Ad-Hoc|iPhoneSimulator
		Ad-Hoc|x64 = Ad-Hoc|x64
		Ad-Hoc|x86 = Ad-Hoc|x86
		AppStore|Any CPU = AppStore|Any CPU
		AppStore|ARM = AppStore|ARM
		AppStore|iPhone = AppStore|iPhone
		AppStore|iPhoneSimulator = AppStore|iPhoneSimulator
		AppStore|x64 = AppStore|x64
		AppStore|x86 = AppStore|x86
		Debug|Any CPU = Debug|Any CPU
		Debug|ARM = Debug|ARM
		Debug|iPhone = Debug|iPhone
		Debug|iPhoneSimulator = Debug|iPhoneSimulator
		Debug|x64 = Debug|x64
		Debug|x86 = Debug|x86
		Release|Any CPU = Release|Any CPU
		Release|ARM = Release|ARM
		Release|iPhone = Release|iPhone
		Release|iPhoneSimulator = Release|iPhoneSimulator
		Release|x64 = Release|x64
		Release|x86 = Release|x86
	EndGlobalSection
	GlobalSection(ProjectConfigurationPlatforms) = postSolution
		{501D4E83-BBCD-4333-AD2D-E1E5AFEF4F21}.Ad-Hoc|Any CPU.ActiveCfg = Release|Any CPU
		{501D4E83-BBCD-4333-AD2D-E1E5AFEF4F21}.Ad-Hoc|Any CPU.Build.0 = Release|Any CPU
		{501D4E83-BBCD-4333-AD2D-E1E5AFEF4F21}.Ad-Hoc|Any CPU.Deploy.0 = Release|Any CPU
		{501D4E83-BBCD-4333-AD2D-E1E5AFEF4F21}.Ad-Hoc|ARM.ActiveCfg = Release|Any CPU
		{501D4E83-BBCD-4333-AD2D-E1E5AFEF4F21}.Ad-Hoc|ARM.Build.0 = Release|Any CPU
		{501D4E83-BBCD-4333-AD2D-E1E5AFEF4F21}.Ad-Hoc|ARM.Deploy.0 = Release|Any CPU
		{501D4E83-BBCD-4333-AD2D-E1E5AFEF4F21}.Ad-Hoc|iPhone.ActiveCfg = Release|Any CPU
		{501D4E83-BBCD-4333-AD2D-E1E5AFEF4F21}.Ad-Hoc|iPhone.Build.0 = Release|Any CPU
		{501D4E83-BBCD-4333-AD2D-E1E5AFEF4F21}.Ad-Hoc|iPhone.Deploy.0 = Release|Any CPU
		{501D4E83-BBCD-4333-AD2D-E1E5AFEF4F21}.Ad-Hoc|iPhoneSimulator.ActiveCfg = Release|Any CPU
		{501D4E83-BBCD-4333-AD2D-E1E5AFEF4F21}.Ad-Hoc|iPhoneSimulator.Build.0 = Release|Any CPU
		{501D4E83-BBCD-4333-AD2D-E1E5AFEF4F21}.Ad-Hoc|iPhoneSimulator.Deploy.0 = Release|Any CPU
		{501D4E83-BBCD-4333-AD2D-E1E5AFEF4F21}.Ad-Hoc|x64.ActiveCfg = Release|Any CPU
		{501D4E83-BBCD-4333-AD2D-E1E5AFEF4F21}.Ad-Hoc|x64.Build.0 = Release|Any CPU
		{501D4E83-BBCD-4333-AD2D-E1E5AFEF4F21}.Ad-Hoc|x64.Deploy.0 = Release|Any CPU
		{501D4E83-BBCD-4333-AD2D-E1E5AFEF4F21}.Ad-Hoc|x86.ActiveCfg = Release|Any CPU
		{501D4E83-BBCD-4333-AD2D-E1E5AFEF4F21}.Ad-Hoc|x86.Build.0 = Release|Any CPU
		{501D4E83-BBCD-4333-AD2D-E1E5AFEF4F21}.Ad-Hoc|x86.Deploy.0 = Release|Any CPU
		{501D4E83-BBCD-4333-AD2D-E1E5AFEF4F21}.AppStore|Any CPU.ActiveCfg = Release|Any CPU
		{501D4E83-BBCD-4333-AD2D-E1E5AFEF4F21}.AppStore|Any CPU.Build.0 = Release|Any CPU
		{501D4E83-BBCD-4333-AD2D-E1E5AFEF4F21}.AppStore|Any CPU.Deploy.0 = Release|Any CPU
		{501D4E83-BBCD-4333-AD2D-E1E5AFEF4F21}.AppStore|ARM.ActiveCfg = Release|Any CPU
		{501D4E83-BBCD-4333-AD2D-E1E5AFEF4F21}.AppStore|ARM.Build.0 = Release|Any CPU
		{501D4E83-BBCD-4333-AD2D-E1E5AFEF4F21}.AppStore|ARM.Deploy.0 = Release|Any CPU
		{501D4E83-BBCD-4333-AD2D-E1E5AFEF4F21}.AppStore|iPhone.ActiveCfg = Release|Any CPU
		{501D4E83-BBCD-4333-AD2D-E1E5AFEF4F21}.AppStore|iPhone.Build.0 = Release|Any CPU
		{501D4E83-BBCD-4333-AD2D-E1E5AFEF4F21}.AppStore|iPhone.Deploy.0 = Release|Any CPU
		{501D4E83-BBCD-4333-AD2D-E1E5AFEF4F21}.AppStore|iPhoneSimulator.ActiveCfg = Release|Any CPU
		{501D4E83-BBCD-4333-AD2D-E1E5AFEF4F21}.AppStore|iPhoneSimulator.Build.0 = Release|Any CPU
		{501D4E83-BBCD-4333-AD2D-E1E5AFEF4F21}.AppStore|iPhoneSimulator.Deploy.0 = Release|Any CPU
		{501D4E83-BBCD-4333-AD2D-E1E5AFEF4F21}.AppStore|x64.ActiveCfg = Release|Any CPU
		{501D4E83-BBCD-4333-AD2D-E1E5AFEF4F21}.AppStore|x64.Build.0 = Release|Any CPU
		{501D4E83-BBCD-4333-AD2D-E1E5AFEF4F21}.AppStore|x64.Deploy.0 = Release|Any CPU
		{501D4E83-BBCD-4333-AD2D-E1E5AFEF4F21}.AppStore|x86.ActiveCfg = Release|Any CPU
		{501D4E83-BBCD-4333-AD2D-E1E5AFEF4F21}.AppStore|x86.Build.0 = Release|Any CPU
		{501D4E83-BBCD-4333-AD2D-E1E5AFEF4F21}.AppStore|x86.Deploy.0 = Release|Any CPU
		{501D4E83-BBCD-4333-AD2D-E1E5AFEF4F21}.Debug|Any CPU.ActiveCfg = Debug|Any CPU
		{501D4E83-BBCD-4333-AD2D-E1E5AFEF4F21}.Debug|Any CPU.Build.0 = Debug|Any CPU
		{501D4E83-BBCD-4333-AD2D-E1E5AFEF4F21}.Debug|Any CPU.Deploy.0 = Debug|Any CPU
		{501D4E83-BBCD-4333-AD2D-E1E5AFEF4F21}.Debug|ARM.ActiveCfg = Debug|Any CPU
		{501D4E83-BBCD-4333-AD2D-E1E5AFEF4F21}.Debug|ARM.Build.0 = Debug|Any CPU
		{501D4E83-BBCD-4333-AD2D-E1E5AFEF4F21}.Debug|ARM.Deploy.0 = Debug|Any CPU
		{501D4E83-BBCD-4333-AD2D-E1E5AFEF4F21}.Debug|iPhone.ActiveCfg = Debug|Any CPU
		{501D4E83-BBCD-4333-AD2D-E1E5AFEF4F21}.Debug|iPhone.Build.0 = Debug|Any CPU
		{501D4E83-BBCD-4333-AD2D-E1E5AFEF4F21}.Debug|iPhone.Deploy.0 = Debug|Any CPU
		{501D4E83-BBCD-4333-AD2D-E1E5AFEF4F21}.Debug|iPhoneSimulator.ActiveCfg = Debug|Any CPU
		{501D4E83-BBCD-4333-AD2D-E1E5AFEF4F21}.Debug|iPhoneSimulator.Build.0 = Debug|Any CPU
		{501D4E83-BBCD-4333-AD2D-E1E5AFEF4F21}.Debug|iPhoneSimulator.Deploy.0 = Debug|Any CPU
		{501D4E83-BBCD-4333-AD2D-E1E5AFEF4F21}.Debug|x64.ActiveCfg = Debug|Any CPU
		{501D4E83-BBCD-4333-AD2D-E1E5AFEF4F21}.Debug|x64.Build.0 = Debug|Any CPU
		{501D4E83-BBCD-4333-AD2D-E1E5AFEF4F21}.Debug|x64.Deploy.0 = Debug|Any CPU
		{501D4E83-BBCD-4333-AD2D-E1E5AFEF4F21}.Debug|x86.ActiveCfg = Debug|Any CPU
		{501D4E83-BBCD-4333-AD2D-E1E5AFEF4F21}.Debug|x86.Build.0 = Debug|Any CPU
		{501D4E83-BBCD-4333-AD2D-E1E5AFEF4F21}.Debug|x86.Deploy.0 = Debug|Any CPU
		{501D4E83-BBCD-4333-AD2D-E1E5AFEF4F21}.Release|Any CPU.ActiveCfg = Release|Any CPU
		{501D4E83-BBCD-4333-AD2D-E1E5AFEF4F21}.Release|Any CPU.Build.0 = Release|Any CPU
		{501D4E83-BBCD-4333-AD2D-E1E5AFEF4F21}.Release|Any CPU.Deploy.0 = Release|Any CPU
		{501D4E83-BBCD-4333-AD2D-E1E5AFEF4F21}.Release|ARM.ActiveCfg = Release|Any CPU
		{501D4E83-BBCD-4333-AD2D-E1E5AFEF4F21}.Release|ARM.Build.0 = Release|Any CPU
		{501D4E83-BBCD-4333-AD2D-E1E5AFEF4F21}.Release|ARM.Deploy.0 = Release|Any CPU
		{501D4E83-BBCD-4333-AD2D-E1E5AFEF4F21}.Release|iPhone.ActiveCfg = Release|Any CPU
		{501D4E83-BBCD-4333-AD2D-E1E5AFEF4F21}.Release|iPhone.Build.0 = Release|Any CPU
		{501D4E83-BBCD-4333-AD2D-E1E5AFEF4F21}.Release|iPhone.Deploy.0 = Release|Any CPU
		{501D4E83-BBCD-4333-AD2D-E1E5AFEF4F21}.Release|iPhoneSimulator.ActiveCfg = Release|Any CPU
		{501D4E83-BBCD-4333-AD2D-E1E5AFEF4F21}.Release|iPhoneSimulator.Build.0 = Release|Any CPU
		{501D4E83-BBCD-4333-AD2D-E1E5AFEF4F21}.Release|iPhoneSimulator.Deploy.0 = Release|Any CPU
		{501D4E83-BBCD-4333-AD2D-E1E5AFEF4F21}.Release|x64.ActiveCfg = Release|Any CPU
		{501D4E83-BBCD-4333-AD2D-E1E5AFEF4F21}.Release|x64.Build.0 = Release|Any CPU
		{501D4E83-BBCD-4333-AD2D-E1E5AFEF4F21}.Release|x64.Deploy.0 = Release|Any CPU
		{501D4E83-BBCD-4333-AD2D-E1E5AFEF4F21}.Release|x86.ActiveCfg = Release|Any CPU
		{501D4E83-BBCD-4333-AD2D-E1E5AFEF4F21}.Release|x86.Build.0 = Release|Any CPU
		{501D4E83-BBCD-4333-AD2D-E1E5AFEF4F21}.Release|x86.Deploy.0 = Release|Any CPU
		{484A0DF8-400D-42B8-835A-168876A4FD7F}.Ad-Hoc|Any CPU.ActiveCfg = Release|Any CPU
		{484A0DF8-400D-42B8-835A-168876A4FD7F}.Ad-Hoc|Any CPU.Build.0 = Release|Any CPU
		{484A0DF8-400D-42B8-835A-168876A4FD7F}.Ad-Hoc|ARM.ActiveCfg = Release|Any CPU
		{484A0DF8-400D-42B8-835A-168876A4FD7F}.Ad-Hoc|ARM.Build.0 = Release|Any CPU
		{484A0DF8-400D-42B8-835A-168876A4FD7F}.Ad-Hoc|iPhone.ActiveCfg = Release|Any CPU
		{484A0DF8-400D-42B8-835A-168876A4FD7F}.Ad-Hoc|iPhone.Build.0 = Release|Any CPU
		{484A0DF8-400D-42B8-835A-168876A4FD7F}.Ad-Hoc|iPhoneSimulator.ActiveCfg = Release|Any CPU
		{484A0DF8-400D-42B8-835A-168876A4FD7F}.Ad-Hoc|iPhoneSimulator.Build.0 = Release|Any CPU
		{484A0DF8-400D-42B8-835A-168876A4FD7F}.Ad-Hoc|x64.ActiveCfg = Release|Any CPU
		{484A0DF8-400D-42B8-835A-168876A4FD7F}.Ad-Hoc|x64.Build.0 = Release|Any CPU
		{484A0DF8-400D-42B8-835A-168876A4FD7F}.Ad-Hoc|x86.ActiveCfg = Release|Any CPU
		{484A0DF8-400D-42B8-835A-168876A4FD7F}.Ad-Hoc|x86.Build.0 = Release|Any CPU
		{484A0DF8-400D-42B8-835A-168876A4FD7F}.AppStore|Any CPU.ActiveCfg = Release|Any CPU
		{484A0DF8-400D-42B8-835A-168876A4FD7F}.AppStore|Any CPU.Build.0 = Release|Any CPU
		{484A0DF8-400D-42B8-835A-168876A4FD7F}.AppStore|ARM.ActiveCfg = Release|Any CPU
		{484A0DF8-400D-42B8-835A-168876A4FD7F}.AppStore|ARM.Build.0 = Release|Any CPU
		{484A0DF8-400D-42B8-835A-168876A4FD7F}.AppStore|iPhone.ActiveCfg = Release|Any CPU
		{484A0DF8-400D-42B8-835A-168876A4FD7F}.AppStore|iPhone.Build.0 = Release|Any CPU
		{484A0DF8-400D-42B8-835A-168876A4FD7F}.AppStore|iPhoneSimulator.ActiveCfg = Release|Any CPU
		{484A0DF8-400D-42B8-835A-168876A4FD7F}.AppStore|iPhoneSimulator.Build.0 = Release|Any CPU
		{484A0DF8-400D-42B8-835A-168876A4FD7F}.AppStore|x64.ActiveCfg = Release|Any CPU
		{484A0DF8-400D-42B8-835A-168876A4FD7F}.AppStore|x64.Build.0 = Release|Any CPU
		{484A0DF8-400D-42B8-835A-168876A4FD7F}.AppStore|x86.ActiveCfg = Release|Any CPU
		{484A0DF8-400D-42B8-835A-168876A4FD7F}.AppStore|x86.Build.0 = Release|Any CPU
		{484A0DF8-400D-42B8-835A-168876A4FD7F}.Debug|Any CPU.ActiveCfg = Debug|Any CPU
		{484A0DF8-400D-42B8-835A-168876A4FD7F}.Debug|Any CPU.Build.0 = Debug|Any CPU
		{484A0DF8-400D-42B8-835A-168876A4FD7F}.Debug|ARM.ActiveCfg = Debug|Any CPU
		{484A0DF8-400D-42B8-835A-168876A4FD7F}.Debug|ARM.Build.0 = Debug|Any CPU
		{484A0DF8-400D-42B8-835A-168876A4FD7F}.Debug|iPhone.ActiveCfg = Debug|Any CPU
		{484A0DF8-400D-42B8-835A-168876A4FD7F}.Debug|iPhone.Build.0 = Debug|Any CPU
		{484A0DF8-400D-42B8-835A-168876A4FD7F}.Debug|iPhoneSimulator.ActiveCfg = Debug|Any CPU
		{484A0DF8-400D-42B8-835A-168876A4FD7F}.Debug|iPhoneSimulator.Build.0 = Debug|Any CPU
		{484A0DF8-400D-42B8-835A-168876A4FD7F}.Debug|x64.ActiveCfg = Debug|Any CPU
		{484A0DF8-400D-42B8-835A-168876A4FD7F}.Debug|x64.Build.0 = Debug|Any CPU
		{484A0DF8-400D-42B8-835A-168876A4FD7F}.Debug|x86.ActiveCfg = Debug|Any CPU
		{484A0DF8-400D-42B8-835A-168876A4FD7F}.Debug|x86.Build.0 = Debug|Any CPU
		{484A0DF8-400D-42B8-835A-168876A4FD7F}.Release|Any CPU.ActiveCfg = Release|Any CPU
		{484A0DF8-400D-42B8-835A-168876A4FD7F}.Release|Any CPU.Build.0 = Release|Any CPU
		{484A0DF8-400D-42B8-835A-168876A4FD7F}.Release|ARM.ActiveCfg = Release|Any CPU
		{484A0DF8-400D-42B8-835A-168876A4FD7F}.Release|ARM.Build.0 = Release|Any CPU
		{484A0DF8-400D-42B8-835A-168876A4FD7F}.Release|iPhone.ActiveCfg = Release|Any CPU
		{484A0DF8-400D-42B8-835A-168876A4FD7F}.Release|iPhone.Build.0 = Release|Any CPU
		{484A0DF8-400D-42B8-835A-168876A4FD7F}.Release|iPhoneSimulator.ActiveCfg = Release|Any CPU
		{484A0DF8-400D-42B8-835A-168876A4FD7F}.Release|iPhoneSimulator.Build.0 = Release|Any CPU
		{484A0DF8-400D-42B8-835A-168876A4FD7F}.Release|x64.ActiveCfg = Release|Any CPU
		{484A0DF8-400D-42B8-835A-168876A4FD7F}.Release|x64.Build.0 = Release|Any CPU
		{484A0DF8-400D-42B8-835A-168876A4FD7F}.Release|x86.ActiveCfg = Release|Any CPU
		{484A0DF8-400D-42B8-835A-168876A4FD7F}.Release|x86.Build.0 = Release|Any CPU
		{12AAC91E-EE1F-460D-99C1-5BFF24553C82}.Ad-Hoc|Any CPU.ActiveCfg = Release|x86
		{12AAC91E-EE1F-460D-99C1-5BFF24553C82}.Ad-Hoc|Any CPU.Build.0 = Release|x86
		{12AAC91E-EE1F-460D-99C1-5BFF24553C82}.Ad-Hoc|Any CPU.Deploy.0 = Release|x86
		{12AAC91E-EE1F-460D-99C1-5BFF24553C82}.Ad-Hoc|ARM.ActiveCfg = Release|ARM
		{12AAC91E-EE1F-460D-99C1-5BFF24553C82}.Ad-Hoc|ARM.Build.0 = Release|ARM
		{12AAC91E-EE1F-460D-99C1-5BFF24553C82}.Ad-Hoc|ARM.Deploy.0 = Release|ARM
		{12AAC91E-EE1F-460D-99C1-5BFF24553C82}.Ad-Hoc|iPhone.ActiveCfg = Release|x86
		{12AAC91E-EE1F-460D-99C1-5BFF24553C82}.Ad-Hoc|iPhone.Build.0 = Release|x86
		{12AAC91E-EE1F-460D-99C1-5BFF24553C82}.Ad-Hoc|iPhone.Deploy.0 = Release|x86
		{12AAC91E-EE1F-460D-99C1-5BFF24553C82}.Ad-Hoc|iPhoneSimulator.ActiveCfg = Release|x86
		{12AAC91E-EE1F-460D-99C1-5BFF24553C82}.Ad-Hoc|iPhoneSimulator.Build.0 = Release|x86
		{12AAC91E-EE1F-460D-99C1-5BFF24553C82}.Ad-Hoc|iPhoneSimulator.Deploy.0 = Release|x86
		{12AAC91E-EE1F-460D-99C1-5BFF24553C82}.Ad-Hoc|x64.ActiveCfg = Release|x64
		{12AAC91E-EE1F-460D-99C1-5BFF24553C82}.Ad-Hoc|x64.Build.0 = Release|x64
		{12AAC91E-EE1F-460D-99C1-5BFF24553C82}.Ad-Hoc|x64.Deploy.0 = Release|x64
		{12AAC91E-EE1F-460D-99C1-5BFF24553C82}.Ad-Hoc|x86.ActiveCfg = Release|x86
		{12AAC91E-EE1F-460D-99C1-5BFF24553C82}.Ad-Hoc|x86.Build.0 = Release|x86
		{12AAC91E-EE1F-460D-99C1-5BFF24553C82}.Ad-Hoc|x86.Deploy.0 = Release|x86
		{12AAC91E-EE1F-460D-99C1-5BFF24553C82}.AppStore|Any CPU.ActiveCfg = Release|x86
		{12AAC91E-EE1F-460D-99C1-5BFF24553C82}.AppStore|Any CPU.Build.0 = Release|x86
		{12AAC91E-EE1F-460D-99C1-5BFF24553C82}.AppStore|Any CPU.Deploy.0 = Release|x86
		{12AAC91E-EE1F-460D-99C1-5BFF24553C82}.AppStore|ARM.ActiveCfg = Release|ARM
		{12AAC91E-EE1F-460D-99C1-5BFF24553C82}.AppStore|ARM.Build.0 = Release|ARM
		{12AAC91E-EE1F-460D-99C1-5BFF24553C82}.AppStore|ARM.Deploy.0 = Release|ARM
		{12AAC91E-EE1F-460D-99C1-5BFF24553C82}.AppStore|iPhone.ActiveCfg = Release|x86
		{12AAC91E-EE1F-460D-99C1-5BFF24553C82}.AppStore|iPhone.Build.0 = Release|x86
		{12AAC91E-EE1F-460D-99C1-5BFF24553C82}.AppStore|iPhone.Deploy.0 = Release|x86
		{12AAC91E-EE1F-460D-99C1-5BFF24553C82}.AppStore|iPhoneSimulator.ActiveCfg = Release|x86
		{12AAC91E-EE1F-460D-99C1-5BFF24553C82}.AppStore|iPhoneSimulator.Build.0 = Release|x86
		{12AAC91E-EE1F-460D-99C1-5BFF24553C82}.AppStore|iPhoneSimulator.Deploy.0 = Release|x86
		{12AAC91E-EE1F-460D-99C1-5BFF24553C82}.AppStore|x64.ActiveCfg = Release|x64
		{12AAC91E-EE1F-460D-99C1-5BFF24553C82}.AppStore|x64.Build.0 = Release|x64
		{12AAC91E-EE1F-460D-99C1-5BFF24553C82}.AppStore|x64.Deploy.0 = Release|x64
		{12AAC91E-EE1F-460D-99C1-5BFF24553C82}.AppStore|x86.ActiveCfg = Release|x86
		{12AAC91E-EE1F-460D-99C1-5BFF24553C82}.AppStore|x86.Build.0 = Release|x86
		{12AAC91E-EE1F-460D-99C1-5BFF24553C82}.AppStore|x86.Deploy.0 = Release|x86
		{12AAC91E-EE1F-460D-99C1-5BFF24553C82}.Debug|Any CPU.ActiveCfg = Debug|x86
		{12AAC91E-EE1F-460D-99C1-5BFF24553C82}.Debug|ARM.ActiveCfg = Debug|ARM
		{12AAC91E-EE1F-460D-99C1-5BFF24553C82}.Debug|ARM.Build.0 = Debug|ARM
		{12AAC91E-EE1F-460D-99C1-5BFF24553C82}.Debug|ARM.Deploy.0 = Debug|ARM
		{12AAC91E-EE1F-460D-99C1-5BFF24553C82}.Debug|iPhone.ActiveCfg = Debug|x86
		{12AAC91E-EE1F-460D-99C1-5BFF24553C82}.Debug|iPhoneSimulator.ActiveCfg = Debug|x86
		{12AAC91E-EE1F-460D-99C1-5BFF24553C82}.Debug|x64.ActiveCfg = Debug|x64
		{12AAC91E-EE1F-460D-99C1-5BFF24553C82}.Debug|x64.Build.0 = Debug|x64
		{12AAC91E-EE1F-460D-99C1-5BFF24553C82}.Debug|x64.Deploy.0 = Debug|x64
		{12AAC91E-EE1F-460D-99C1-5BFF24553C82}.Debug|x86.ActiveCfg = Debug|x86
		{12AAC91E-EE1F-460D-99C1-5BFF24553C82}.Debug|x86.Build.0 = Debug|x86
		{12AAC91E-EE1F-460D-99C1-5BFF24553C82}.Debug|x86.Deploy.0 = Debug|x86
		{12AAC91E-EE1F-460D-99C1-5BFF24553C82}.Release|Any CPU.ActiveCfg = Release|x86
		{12AAC91E-EE1F-460D-99C1-5BFF24553C82}.Release|ARM.ActiveCfg = Release|ARM
		{12AAC91E-EE1F-460D-99C1-5BFF24553C82}.Release|ARM.Build.0 = Release|ARM
		{12AAC91E-EE1F-460D-99C1-5BFF24553C82}.Release|ARM.Deploy.0 = Release|ARM
		{12AAC91E-EE1F-460D-99C1-5BFF24553C82}.Release|iPhone.ActiveCfg = Release|x86
		{12AAC91E-EE1F-460D-99C1-5BFF24553C82}.Release|iPhoneSimulator.ActiveCfg = Release|x86
		{12AAC91E-EE1F-460D-99C1-5BFF24553C82}.Release|x64.ActiveCfg = Release|x64
		{12AAC91E-EE1F-460D-99C1-5BFF24553C82}.Release|x64.Build.0 = Release|x64
		{12AAC91E-EE1F-460D-99C1-5BFF24553C82}.Release|x64.Deploy.0 = Release|x64
		{12AAC91E-EE1F-460D-99C1-5BFF24553C82}.Release|x86.ActiveCfg = Release|x86
		{12AAC91E-EE1F-460D-99C1-5BFF24553C82}.Release|x86.Build.0 = Release|x86
		{12AAC91E-EE1F-460D-99C1-5BFF24553C82}.Release|x86.Deploy.0 = Release|x86
		{960E1BA9-F930-457E-8000-069D3B759AB5}.Ad-Hoc|Any CPU.ActiveCfg = Ad-Hoc|iPhone
		{960E1BA9-F930-457E-8000-069D3B759AB5}.Ad-Hoc|ARM.ActiveCfg = Ad-Hoc|iPhone
		{960E1BA9-F930-457E-8000-069D3B759AB5}.Ad-Hoc|iPhone.ActiveCfg = Ad-Hoc|iPhone
		{960E1BA9-F930-457E-8000-069D3B759AB5}.Ad-Hoc|iPhone.Build.0 = Ad-Hoc|iPhone
		{960E1BA9-F930-457E-8000-069D3B759AB5}.Ad-Hoc|iPhoneSimulator.ActiveCfg = Ad-Hoc|iPhoneSimulator
		{960E1BA9-F930-457E-8000-069D3B759AB5}.Ad-Hoc|iPhoneSimulator.Build.0 = Ad-Hoc|iPhoneSimulator
		{960E1BA9-F930-457E-8000-069D3B759AB5}.Ad-Hoc|x64.ActiveCfg = Ad-Hoc|iPhone
		{960E1BA9-F930-457E-8000-069D3B759AB5}.Ad-Hoc|x86.ActiveCfg = Ad-Hoc|iPhone
		{960E1BA9-F930-457E-8000-069D3B759AB5}.AppStore|Any CPU.ActiveCfg = AppStore|iPhone
		{960E1BA9-F930-457E-8000-069D3B759AB5}.AppStore|ARM.ActiveCfg = AppStore|iPhone
		{960E1BA9-F930-457E-8000-069D3B759AB5}.AppStore|iPhone.ActiveCfg = AppStore|iPhone
		{960E1BA9-F930-457E-8000-069D3B759AB5}.AppStore|iPhone.Build.0 = AppStore|iPhone
		{960E1BA9-F930-457E-8000-069D3B759AB5}.AppStore|iPhoneSimulator.ActiveCfg = AppStore|iPhoneSimulator
		{960E1BA9-F930-457E-8000-069D3B759AB5}.AppStore|iPhoneSimulator.Build.0 = AppStore|iPhoneSimulator
		{960E1BA9-F930-457E-8000-069D3B759AB5}.AppStore|x64.ActiveCfg = AppStore|iPhone
		{960E1BA9-F930-457E-8000-069D3B759AB5}.AppStore|x86.ActiveCfg = AppStore|iPhone
		{960E1BA9-F930-457E-8000-069D3B759AB5}.Debug|Any CPU.ActiveCfg = Debug|iPhone
		{960E1BA9-F930-457E-8000-069D3B759AB5}.Debug|ARM.ActiveCfg = Debug|iPhone
		{960E1BA9-F930-457E-8000-069D3B759AB5}.Debug|iPhone.ActiveCfg = Debug|iPhone
		{960E1BA9-F930-457E-8000-069D3B759AB5}.Debug|iPhone.Build.0 = Debug|iPhone
		{960E1BA9-F930-457E-8000-069D3B759AB5}.Debug|iPhoneSimulator.ActiveCfg = Debug|iPhoneSimulator
		{960E1BA9-F930-457E-8000-069D3B759AB5}.Debug|iPhoneSimulator.Build.0 = Debug|iPhoneSimulator
		{960E1BA9-F930-457E-8000-069D3B759AB5}.Debug|x64.ActiveCfg = Debug|iPhone
		{960E1BA9-F930-457E-8000-069D3B759AB5}.Debug|x86.ActiveCfg = Debug|iPhone
		{960E1BA9-F930-457E-8000-069D3B759AB5}.Release|Any CPU.ActiveCfg = Release|iPhone
		{960E1BA9-F930-457E-8000-069D3B759AB5}.Release|ARM.ActiveCfg = Release|iPhone
		{960E1BA9-F930-457E-8000-069D3B759AB5}.Release|iPhone.ActiveCfg = Release|iPhone
		{960E1BA9-F930-457E-8000-069D3B759AB5}.Release|iPhone.Build.0 = Release|iPhone
		{960E1BA9-F930-457E-8000-069D3B759AB5}.Release|iPhoneSimulator.ActiveCfg = Release|iPhoneSimulator
		{960E1BA9-F930-457E-8000-069D3B759AB5}.Release|iPhoneSimulator.Build.0 = Release|iPhoneSimulator
		{960E1BA9-F930-457E-8000-069D3B759AB5}.Release|x64.ActiveCfg = Release|iPhone
		{960E1BA9-F930-457E-8000-069D3B759AB5}.Release|x86.ActiveCfg = Release|iPhone
	EndGlobalSection
	GlobalSection(SolutionProperties) = preSolution
		HideSolutionNode = FALSE
	EndGlobalSection
	GlobalSection(ExtensibilityGlobals) = postSolution
		SolutionGuid = {4307683F-6295-4D37-9AC9-E36F454C8494}
	EndGlobalSection
EndGlobal
